<?xml version="1.0" encoding="utf-8"?>
<Project ToolsVersion="4.0" xmlns="http://schemas.microsoft.com/developer/msbuild/2003">
  <ItemGroup>
    <Filter Include="Source">
      <UniqueIdentifier>{98de4591-6d0b-42c7-a7ea-e06d76cce7ba}</UniqueIdentifier>
    </Filter>
    <Filter Include="Source\Private">
      <UniqueIdentifier>{dc37b926-6f8e-411c-9f77-a0439e43f883}</UniqueIdentifier>
    </Filter>
    <Filter Include="Source\Public">
      <UniqueIdentifier>{f143fff2-51ea-4827-b044-b7609e0ce3a4}</UniqueIdentifier>
    </Filter>
  </ItemGroup>
  <ItemGroup>
    <ClInclude Include="Source\Public\Keyboard.hpp">
      <Filter>Source\Public</Filter>
    </ClInclude>
    <ClInclude Include="Source\Public\SciElectra3D.hpp">
      <Filter>Source\Public</Filter>
    </ClInclude>
    <ClInclude Include="Source\Public\Window.hpp">
      <Filter>Source\Public</Filter>
    </ClInclude>
    <ClInclude Include="Source\Public\WinMain.hpp">
      <Filter>Source\Public</Filter>
    </ClInclude>
    <ClInclude Include="Source\Public\elecmath.hpp">
      <Filter>Source\Public</Filter>
    </ClInclude>
    <ClInclude Include="Source\Public\Electra3D.hpp">
      <Filter>Source\Public</Filter>
    </ClInclude>
    <ClInclude Include="Source\Public\ImDui.h">
      <Filter>Source\Public</Filter>
    </ClInclude>
  </ItemGroup>
  <ItemGroup>
    <ClCompile Include="Source\Private\Electra3D.cpp">
      <Filter>Source\Private</Filter>
    </ClCompile>
    <ClCompile Include="Source\Private\Keyboard.cpp">
      <Filter>Source\Private</Filter>
    </ClCompile>
    <ClCompile Include="Source\Private\SciElectra3D.cpp">
      <Filter>Source\Private</Filter>
    </ClCompile>
    <ClCompile Include="Source\Private\Window.cpp">
      <Filter>Source\Private</Filter>
    </ClCompile>
    <ClCompile Include="Source\Private\WinMain.cpp">
      <Filter>Source\Private</Filter>
    </ClCompile>
    <ClCompile Include="Source\Private\elecmath.cpp">
      <Filter>Source\Private</Filter>
    </ClCompile>
  </ItemGroup>
</Project>