<?xml version="1.0" encoding="utf-8"?>
<Project ToolsVersion="4.0" xmlns="http://schemas.microsoft.com/developer/msbuild/2003">
  <ItemGroup>
    <Filter Include="Source">
      <UniqueIdentifier>{21593158-ba56-42b1-923e-14120a1d0631}</UniqueIdentifier>
    </Filter>
    <Filter Include="Source\Public Files">
      <UniqueIdentifier>{93995380-89BD-4b04-88EB-625FBE52EBFB}</UniqueIdentifier>
      <Extensions>h;hh;hpp;hxx;h++;hm;inl;inc;ipp;xsd</Extensions>
    </Filter>
    <Filter Include="Source\Private Files">
      <UniqueIdentifier>{67DA6AB6-F800-4c08-8B7A-83BB121AAD01}</UniqueIdentifier>
      <Extensions>rc;ico;cur;bmp;dlg;rc2;rct;bin;rgs;gif;jpg;jpeg;jpe;resx;tiff;tif;png;wav;mfcribbon-ms</Extensions>
    </Filter>
    <Filter Include="Resources">
      <UniqueIdentifier>{5d982b37-aa5e-4f8a-b696-5e403120d763}</UniqueIdentifier>
    </Filter>
    <Filter Include="Source\imgui">
      <UniqueIdentifier>{467af11d-bd89-4fde-b9cf-bd17b1851bfc}</UniqueIdentifier>
    </Filter>
    <Filter Include="Source\imgui\backends">
      <UniqueIdentifier>{687e0f2e-bc9b-4925-a723-1f1b9d1df3ff}</UniqueIdentifier>
    </Filter>
  </ItemGroup>
  <ItemGroup>
    <ClCompile Include="Source\Private\WinMain.cpp">
      <Filter>Source\Private Files</Filter>
    </ClCompile>
    <ClCompile Include="Source\Private\Window.cpp">
      <Filter>Source\Private Files</Filter>
    </ClCompile>
    <ClCompile Include="Source\Private\SciElectra2D.cpp">
      <Filter>Source\Private Files</Filter>
    </ClCompile>
    <ClCompile Include="Source\Private\Electra2D.cpp">
      <Filter>Source\Private Files</Filter>
    </ClCompile>
    <ClCompile Include="Source\Private\elecmath.cpp">
      <Filter>Source\Private Files</Filter>
    </ClCompile>
    <ClCompile Include="Source\Private\Keyboard.cpp">
      <Filter>Source\Private Files</Filter>
    </ClCompile>
    <ClCompile Include="..\imgui\imgui.cpp">
      <Filter>Source\imgui</Filter>
    </ClCompile>
    <ClCompile Include="..\imgui\imgui_draw.cpp">
      <Filter>Source\imgui</Filter>
    </ClCompile>
    <ClCompile Include="..\imgui\imgui_tables.cpp">
      <Filter>Source\imgui</Filter>
    </ClCompile>
    <ClCompile Include="..\imgui\imgui_widgets.cpp">
      <Filter>Source\imgui</Filter>
    </ClCompile>
    <ClCompile Include="..\imgui\backends\imgui_impl_win32.cpp">
      <Filter>Source\imgui\backends</Filter>
    </ClCompile>
    <ClCompile Include="..\imgui\backends\imgui_impl_dx10.cpp">
      <Filter>Source\imgui\backends</Filter>
    </ClCompile>
  </ItemGroup>
  <ItemGroup>
    <ClInclude Include="Source\Public\elecmath.hpp">
      <Filter>Source\Public Files</Filter>
    </ClInclude>
    <ClInclude Include="Source\Public\Electra2D.hpp">
      <Filter>Source\Public Files</Filter>
    </ClInclude>
    <ClInclude Include="Source\Public\SciElectra2D.hpp">
      <Filter>Source\Public Files</Filter>
    </ClInclude>
    <ClInclude Include="Source\Public\Window.hpp">
      <Filter>Source\Public Files</Filter>
    </ClInclude>
    <ClInclude Include="Source\Public\WinMain.hpp">
      <Filter>Source\Public Files</Filter>
    </ClInclude>
    <ClInclude Include="Source\Public\Keyboard.hpp">
      <Filter>Source\Public Files</Filter>
    </ClInclude>
    <ClInclude Include="..\imgui\imconfig.h">
      <Filter>Source\imgui</Filter>
    </ClInclude>
    <ClInclude Include="..\imgui\imgui.h">
      <Filter>Source\imgui</Filter>
    </ClInclude>
    <ClInclude Include="..\imgui\imgui_internal.h">
      <Filter>Source\imgui</Filter>
    </ClInclude>
    <ClInclude Include="..\imgui\imstb_rectpack.h">
      <Filter>Source\imgui</Filter>
    </ClInclude>
    <ClInclude Include="..\imgui\imstb_textedit.h">
      <Filter>Source\imgui</Filter>
    </ClInclude>
    <ClInclude Include="..\imgui\imstb_truetype.h">
      <Filter>Source\imgui</Filter>
    </ClInclude>
    <ClInclude Include="..\imgui\backends\imgui_impl_win32.h">
      <Filter>Source\imgui\backends</Filter>
    </ClInclude>
    <ClInclude Include="..\imgui\backends\imgui_impl_dx10.h">
      <Filter>Source\imgui\backends</Filter>
    </ClInclude>
  </ItemGroup>
</Project>